
Microsoft Visual Studio Solution File, Format Version 12.00
# Visual Studio Version 16
VisualStudioVersion = 16.0.30204.135
MinimumVisualStudioVersion = 10.0.40219.1
Project("{9A19103F-16F7-4668-BE54-9A1E7A4F7556}") = "BlazorApp4s", "BlazorApp4s\BlazorApp4s.csproj", "{57A78CD7-48AE-45CD-863E-094A2A26827E}"
EndProject
Global
	GlobalSection(SolutionConfigurationPlatforms) = preSolution
		Debug|Any CPU = Debug|Any CPU
		Release|Any CPU = Release|Any CPU
	EndGlobalSection
	GlobalSection(ProjectConfigurationPlatforms) = postSolution
		{57A78CD7-48AE-45CD-863E-094A2A26827E}.Debug|Any CPU.ActiveCfg = Debug|Any CPU
		{57A78CD7-48AE-45CD-863E-094A2A26827E}.Debug|Any CPU.Build.0 = Debug|Any CPU
		{57A78CD7-48AE-45CD-863E-094A2A26827E}.Release|Any CPU.ActiveCfg = Release|Any CPU
		{57A78CD7-48AE-45CD-863E-094A2A26827E}.Release|Any CPU.Build.0 = Release|Any CPU
	EndGlobalSection
	GlobalSection(SolutionProperties) = preSolution
		HideSolutionNode = FALSE
	EndGlobalSection
	GlobalSection(ExtensibilityGlobals) = postSolution
		SolutionGuid = {B6CD5A78-B72C-435D-98B3-2013576D4FF9}
	EndGlobalSection
EndGlobal
