
Microsoft Visual Studio Solution File, Format Version 12.00
# Visual Studio Version 16
VisualStudioVersion = 16.0.30204.135
MinimumVisualStudioVersion = 10.0.40219.1
Project("{9A19103F-16F7-4668-BE54-9A1E7A4F7556}") = "BlazorApp4s", "BlazorApp4s\BlazorApp4s.csproj", "{57A78CD7-48AE-45CD-863E-094A2A26827E}"
EndProject
Project("{FAE04EC0-301F-11D3-BF4B-00C04F79EFBC}") = "Parallelspace.CSharpSuperStack", "CSharpSuperStackNeo4jWrapper\Parallelspace.CSharpSuperStack.csproj", "{F8BF67E9-5DB5-41AC-85D1-A6B74D8EAA03}"
EndProject
Project("{FAE04EC0-301F-11D3-BF4B-00C04F79EFBC}") = "Parallelspace.CSharpSuperStack.Tests", "Parallelspace.CSharpSuperStack.Tests\Parallelspace.CSharpSuperStack.Tests.csproj", "{DC42978B-19F5-45D9-A51B-6DCF62574408}"
EndProject
Global
	GlobalSection(SolutionConfigurationPlatforms) = preSolution
		Debug|Any CPU = Debug|Any CPU
		Release|Any CPU = Release|Any CPU
	EndGlobalSection
	GlobalSection(ProjectConfigurationPlatforms) = postSolution
		{57A78CD7-48AE-45CD-863E-094A2A26827E}.Debug|Any CPU.ActiveCfg = Debug|Any CPU
		{57A78CD7-48AE-45CD-863E-094A2A26827E}.Debug|Any CPU.Build.0 = Debug|Any CPU
		{57A78CD7-48AE-45CD-863E-094A2A26827E}.Release|Any CPU.ActiveCfg = Release|Any CPU
		{57A78CD7-48AE-45CD-863E-094A2A26827E}.Release|Any CPU.Build.0 = Release|Any CPU
		{F8BF67E9-5DB5-41AC-85D1-A6B74D8EAA03}.Debug|Any CPU.ActiveCfg = Debug|Any CPU
		{F8BF67E9-5DB5-41AC-85D1-A6B74D8EAA03}.Debug|Any CPU.Build.0 = Debug|Any CPU
		{F8BF67E9-5DB5-41AC-85D1-A6B74D8EAA03}.Release|Any CPU.ActiveCfg = Release|Any CPU
		{F8BF67E9-5DB5-41AC-85D1-A6B74D8EAA03}.Release|Any CPU.Build.0 = Release|Any CPU
		{DC42978B-19F5-45D9-A51B-6DCF62574408}.Debug|Any CPU.ActiveCfg = Debug|Any CPU
		{DC42978B-19F5-45D9-A51B-6DCF62574408}.Debug|Any CPU.Build.0 = Debug|Any CPU
		{DC42978B-19F5-45D9-A51B-6DCF62574408}.Release|Any CPU.ActiveCfg = Release|Any CPU
		{DC42978B-19F5-45D9-A51B-6DCF62574408}.Release|Any CPU.Build.0 = Release|Any CPU
	EndGlobalSection
	GlobalSection(SolutionProperties) = preSolution
		HideSolutionNode = FALSE
	EndGlobalSection
	GlobalSection(ExtensibilityGlobals) = postSolution
		SolutionGuid = {B6CD5A78-B72C-435D-98B3-2013576D4FF9}
	EndGlobalSection
EndGlobal
